
Microsoft Visual Studio Solution File, Format Version 12.00
# Visual Studio Version 17
VisualStudioVersion = 17.5.002.0
MinimumVisualStudioVersion = 10.0.40219.1
Project("{9A19103F-16F7-4668-BE54-9A1E7A4F7556}") = "Task01", "Task01\Task01.csproj", "{0032F494-86AA-4A3A-AF02-34136E7B1DAA}"
EndProject
Global
	GlobalSection(SolutionConfigurationPlatforms) = preSolution
		Debug|Any CPU = Debug|Any CPU
		Release|Any CPU = Release|Any CPU
	EndGlobalSection
	GlobalSection(ProjectConfigurationPlatforms) = postSolution
		{0032F494-86AA-4A3A-AF02-34136E7B1DAA}.Debug|Any CPU.ActiveCfg = Debug|Any CPU
		{0032F494-86AA-4A3A-AF02-34136E7B1DAA}.Debug|Any CPU.Build.0 = Debug|Any CPU
		{0032F494-86AA-4A3A-AF02-34136E7B1DAA}.Release|Any CPU.ActiveCfg = Release|Any CPU
		{0032F494-86AA-4A3A-AF02-34136E7B1DAA}.Release|Any CPU.Build.0 = Release|Any CPU
	EndGlobalSection
	GlobalSection(SolutionProperties) = preSolution
		HideSolutionNode = FALSE
	EndGlobalSection
	GlobalSection(ExtensibilityGlobals) = postSolution
		SolutionGuid = {B56F689D-3A5F-4CBF-8311-B14730242945}
	EndGlobalSection
EndGlobal
